// !$*UTF8*$!
{
	archiveVersion = 1;
	classes = {
	};
	objectVersion = 55;
	objects = {

/* Begin PBXBuildFile section */
		95320BBD27E57A3A009F4884 /* main.c in Sources */ = {isa = PBXBuildFile; fileRef = 95320BBC27E57A3A009F4884 /* main.c */; };
		95320BCA27E57B40009F4884 /* main.c in Sources */ = {isa = PBXBuildFile; fileRef = 95320BC927E57B40009F4884 /* main.c */; };
		95320BD527E57E8C009F4884 /* main.c in Sources */ = {isa = PBXBuildFile; fileRef = 95320BD427E57E8C009F4884 /* main.c */; };
		95320BE027E580FE009F4884 /* main.c in Sources */ = {isa = PBXBuildFile; fileRef = 95320BDF27E580FE009F4884 /* main.c */; };
		95320BEB27E5823B009F4884 /* main.c in Sources */ = {isa = PBXBuildFile; fileRef = 95320BEA27E5823B009F4884 /* main.c */; };
		95320BF627E584E1009F4884 /* main.c in Sources */ = {isa = PBXBuildFile; fileRef = 95320BF527E584E1009F4884 /* main.c */; };
/* End PBXBuildFile section */

/* Begin PBXCopyFilesBuildPhase section */
		95320BB727E57A3A009F4884 /* CopyFiles */ = {
			isa = PBXCopyFilesBuildPhase;
			buildActionMask = 2147483647;
			dstPath = /usr/share/man/man1/;
			dstSubfolderSpec = 0;
			files = (
			);
			runOnlyForDeploymentPostprocessing = 1;
		};
		95320BC527E57B40009F4884 /* CopyFiles */ = {
			isa = PBXCopyFilesBuildPhase;
			buildActionMask = 2147483647;
			dstPath = /usr/share/man/man1/;
			dstSubfolderSpec = 0;
			files = (
			);
			runOnlyForDeploymentPostprocessing = 1;
		};
		95320BD027E57E8C009F4884 /* CopyFiles */ = {
			isa = PBXCopyFilesBuildPhase;
			buildActionMask = 2147483647;
			dstPath = /usr/share/man/man1/;
			dstSubfolderSpec = 0;
			files = (
			);
			runOnlyForDeploymentPostprocessing = 1;
		};
		95320BDB27E580FD009F4884 /* CopyFiles */ = {
			isa = PBXCopyFilesBuildPhase;
			buildActionMask = 2147483647;
			dstPath = /usr/share/man/man1/;
			dstSubfolderSpec = 0;
			files = (
			);
			runOnlyForDeploymentPostprocessing = 1;
		};
		95320BE627E5823B009F4884 /* CopyFiles */ = {
			isa = PBXCopyFilesBuildPhase;
			buildActionMask = 2147483647;
			dstPath = /usr/share/man/man1/;
			dstSubfolderSpec = 0;
			files = (
			);
			runOnlyForDeploymentPostprocessing = 1;
		};
		95320BF127E584E1009F4884 /* CopyFiles */ = {
			isa = PBXCopyFilesBuildPhase;
			buildActionMask = 2147483647;
			dstPath = /usr/share/man/man1/;
			dstSubfolderSpec = 0;
			files = (
			);
			runOnlyForDeploymentPostprocessing = 1;
		};
/* End PBXCopyFilesBuildPhase section */

/* Begin PBXFileReference section */
		95320BB927E57A3A009F4884 /* pfps assignment */ = {isa = PBXFileReference; explicitFileType = "compiled.mach-o.executable"; includeInIndex = 0; path = "pfps assignment"; sourceTree = BUILT_PRODUCTS_DIR; };
		95320BBC27E57A3A009F4884 /* main.c */ = {isa = PBXFileReference; lastKnownFileType = sourcecode.c.c; path = main.c; sourceTree = "<group>"; };
		95320BC727E57B40009F4884 /* question 1 */ = {isa = PBXFileReference; explicitFileType = "compiled.mach-o.executable"; includeInIndex = 0; path = "question 1"; sourceTree = BUILT_PRODUCTS_DIR; };
		95320BC927E57B40009F4884 /* main.c */ = {isa = PBXFileReference; lastKnownFileType = sourcecode.c.c; path = main.c; sourceTree = "<group>"; };
		95320BD227E57E8C009F4884 /* question 2 */ = {isa = PBXFileReference; explicitFileType = "compiled.mach-o.executable"; includeInIndex = 0; path = "question 2"; sourceTree = BUILT_PRODUCTS_DIR; };
		95320BD427E57E8C009F4884 /* main.c */ = {isa = PBXFileReference; lastKnownFileType = sourcecode.c.c; path = main.c; sourceTree = "<group>"; };
		95320BDD27E580FD009F4884 /* question 3 */ = {isa = PBXFileReference; explicitFileType = "compiled.mach-o.executable"; includeInIndex = 0; path = "question 3"; sourceTree = BUILT_PRODUCTS_DIR; };
		95320BDF27E580FE009F4884 /* main.c */ = {isa = PBXFileReference; lastKnownFileType = sourcecode.c.c; path = main.c; sourceTree = "<group>"; };
		95320BE827E5823B009F4884 /* question 4 */ = {isa = PBXFileReference; explicitFileType = "compiled.mach-o.executable"; includeInIndex = 0; path = "question 4"; sourceTree = BUILT_PRODUCTS_DIR; };
		95320BEA27E5823B009F4884 /* main.c */ = {isa = PBXFileReference; lastKnownFileType = sourcecode.c.c; path = main.c; sourceTree = "<group>"; };
		95320BF327E584E1009F4884 /* question 5 */ = {isa = PBXFileReference; explicitFileType = "compiled.mach-o.executable"; includeInIndex = 0; path = "question 5"; sourceTree = BUILT_PRODUCTS_DIR; };
		95320BF527E584E1009F4884 /* main.c */ = {isa = PBXFileReference; lastKnownFileType = sourcecode.c.c; path = main.c; sourceTree = "<group>"; };
/* End PBXFileReference section */

/* Begin PBXFrameworksBuildPhase section */
		95320BB627E57A3A009F4884 /* Frameworks */ = {
			isa = PBXFrameworksBuildPhase;
			buildActionMask = 2147483647;
			files = (
			);
			runOnlyForDeploymentPostprocessing = 0;
		};
		95320BC427E57B40009F4884 /* Frameworks */ = {
			isa = PBXFrameworksBuildPhase;
			buildActionMask = 2147483647;
			files = (
			);
			runOnlyForDeploymentPostprocessing = 0;
		};
		95320BCF27E57E8C009F4884 /* Frameworks */ = {
			isa = PBXFrameworksBuildPhase;
			buildActionMask = 2147483647;
			files = (
			);
			runOnlyForDeploymentPostprocessing = 0;
		};
		95320BDA27E580FD009F4884 /* Frameworks */ = {
			isa = PBXFrameworksBuildPhase;
			buildActionMask = 2147483647;
			files = (
			);
			runOnlyForDeploymentPostprocessing = 0;
		};
		95320BE527E5823B009F4884 /* Frameworks */ = {
			isa = PBXFrameworksBuildPhase;
			buildActionMask = 2147483647;
			files = (
			);
			runOnlyForDeploymentPostprocessing = 0;
		};
		95320BF027E584E1009F4884 /* Frameworks */ = {
			isa = PBXFrameworksBuildPhase;
			buildActionMask = 2147483647;
			files = (
			);
			runOnlyForDeploymentPostprocessing = 0;
		};
/* End PBXFrameworksBuildPhase section */

/* Begin PBXGroup section */
		95320BB027E57A3A009F4884 = {
			isa = PBXGroup;
			children = (
				95320BBB27E57A3A009F4884 /* pfps assignment */,
				95320BC827E57B40009F4884 /* question 1 */,
				95320BD327E57E8C009F4884 /* question 2 */,
				95320BDE27E580FE009F4884 /* question 3 */,
				95320BE927E5823B009F4884 /* question 4 */,
				95320BF427E584E1009F4884 /* question 5 */,
				95320BBA27E57A3A009F4884 /* Products */,
			);
			sourceTree = "<group>";
		};
		95320BBA27E57A3A009F4884 /* Products */ = {
			isa = PBXGroup;
			children = (
				95320BB927E57A3A009F4884 /* pfps assignment */,
				95320BC727E57B40009F4884 /* question 1 */,
				95320BD227E57E8C009F4884 /* question 2 */,
				95320BDD27E580FD009F4884 /* question 3 */,
				95320BE827E5823B009F4884 /* question 4 */,
				95320BF327E584E1009F4884 /* question 5 */,
			);
			name = Products;
			sourceTree = "<group>";
		};
		95320BBB27E57A3A009F4884 /* pfps assignment */ = {
			isa = PBXGroup;
			children = (
				95320BBC27E57A3A009F4884 /* main.c */,
			);
			path = "pfps assignment";
			sourceTree = "<group>";
		};
		95320BC827E57B40009F4884 /* question 1 */ = {
			isa = PBXGroup;
			children = (
				95320BC927E57B40009F4884 /* main.c */,
			);
			path = "question 1";
			sourceTree = "<group>";
		};
		95320BD327E57E8C009F4884 /* question 2 */ = {
			isa = PBXGroup;
			children = (
				95320BD427E57E8C009F4884 /* main.c */,
			);
			path = "question 2";
			sourceTree = "<group>";
		};
		95320BDE27E580FE009F4884 /* question 3 */ = {
			isa = PBXGroup;
			children = (
				95320BDF27E580FE009F4884 /* main.c */,
			);
			path = "question 3";
			sourceTree = "<group>";
		};
		95320BE927E5823B009F4884 /* question 4 */ = {
			isa = PBXGroup;
			children = (
				95320BEA27E5823B009F4884 /* main.c */,
			);
			path = "question 4";
			sourceTree = "<group>";
		};
		95320BF427E584E1009F4884 /* question 5 */ = {
			isa = PBXGroup;
			children = (
				95320BF527E584E1009F4884 /* main.c */,
			);
			path = "question 5";
			sourceTree = "<group>";
		};
/* End PBXGroup section */

/* Begin PBXNativeTarget section */
		95320BB827E57A3A009F4884 /* pfps assignment */ = {
			isa = PBXNativeTarget;
			buildConfigurationList = 95320BC027E57A3A009F4884 /* Build configuration list for PBXNativeTarget "pfps assignment" */;
			buildPhases = (
				95320BB527E57A3A009F4884 /* Sources */,
				95320BB627E57A3A009F4884 /* Frameworks */,
				95320BB727E57A3A009F4884 /* CopyFiles */,
			);
			buildRules = (
			);
			dependencies = (
			);
			name = "pfps assignment";
			productName = "pfps assignment";
			productReference = 95320BB927E57A3A009F4884 /* pfps assignment */;
			productType = "com.apple.product-type.tool";
		};
		95320BC627E57B40009F4884 /* question 1 */ = {
			isa = PBXNativeTarget;
			buildConfigurationList = 95320BCD27E57B40009F4884 /* Build configuration list for PBXNativeTarget "question 1" */;
			buildPhases = (
				95320BC327E57B40009F4884 /* Sources */,
				95320BC427E57B40009F4884 /* Frameworks */,
				95320BC527E57B40009F4884 /* CopyFiles */,
			);
			buildRules = (
			);
			dependencies = (
			);
			name = "question 1";
			productName = "question 1";
			productReference = 95320BC727E57B40009F4884 /* question 1 */;
			productType = "com.apple.product-type.tool";
		};
		95320BD127E57E8C009F4884 /* question 2 */ = {
			isa = PBXNativeTarget;
			buildConfigurationList = 95320BD627E57E8C009F4884 /* Build configuration list for PBXNativeTarget "question 2" */;
			buildPhases = (
				95320BCE27E57E8C009F4884 /* Sources */,
				95320BCF27E57E8C009F4884 /* Frameworks */,
				95320BD027E57E8C009F4884 /* CopyFiles */,
			);
			buildRules = (
			);
			dependencies = (
			);
			name = "question 2";
			productName = "question 2";
			productReference = 95320BD227E57E8C009F4884 /* question 2 */;
			productType = "com.apple.product-type.tool";
		};
		95320BDC27E580FD009F4884 /* question 3 */ = {
			isa = PBXNativeTarget;
			buildConfigurationList = 95320BE127E580FE009F4884 /* Build configuration list for PBXNativeTarget "question 3" */;
			buildPhases = (
				95320BD927E580FD009F4884 /* Sources */,
				95320BDA27E580FD009F4884 /* Frameworks */,
				95320BDB27E580FD009F4884 /* CopyFiles */,
			);
			buildRules = (
			);
			dependencies = (
			);
			name = "question 3";
			productName = "question 3";
			productReference = 95320BDD27E580FD009F4884 /* question 3 */;
			productType = "com.apple.product-type.tool";
		};
		95320BE727E5823B009F4884 /* question 4 */ = {
			isa = PBXNativeTarget;
			buildConfigurationList = 95320BEC27E5823B009F4884 /* Build configuration list for PBXNativeTarget "question 4" */;
			buildPhases = (
				95320BE427E5823B009F4884 /* Sources */,
				95320BE527E5823B009F4884 /* Frameworks */,
				95320BE627E5823B009F4884 /* CopyFiles */,
			);
			buildRules = (
			);
			dependencies = (
			);
			name = "question 4";
			productName = "question 4";
			productReference = 95320BE827E5823B009F4884 /* question 4 */;
			productType = "com.apple.product-type.tool";
		};
		95320BF227E584E1009F4884 /* question 5 */ = {
			isa = PBXNativeTarget;
			buildConfigurationList = 95320BF727E584E1009F4884 /* Build configuration list for PBXNativeTarget "question 5" */;
			buildPhases = (
				95320BEF27E584E1009F4884 /* Sources */,
				95320BF027E584E1009F4884 /* Frameworks */,
				95320BF127E584E1009F4884 /* CopyFiles */,
			);
			buildRules = (
			);
			dependencies = (
			);
			name = "question 5";
			productName = "question 5";
			productReference = 95320BF327E584E1009F4884 /* question 5 */;
			productType = "com.apple.product-type.tool";
		};
/* End PBXNativeTarget section */

/* Begin PBXProject section */
		95320BB127E57A3A009F4884 /* Project object */ = {
			isa = PBXProject;
			attributes = {
				BuildIndependentTargetsInParallel = 1;
				LastUpgradeCheck = 1330;
				TargetAttributes = {
					95320BB827E57A3A009F4884 = {
						CreatedOnToolsVersion = 13.3;
					};
					95320BC627E57B40009F4884 = {
						CreatedOnToolsVersion = 13.3;
					};
					95320BD127E57E8C009F4884 = {
						CreatedOnToolsVersion = 13.3;
					};
					95320BDC27E580FD009F4884 = {
						CreatedOnToolsVersion = 13.3;
					};
					95320BE727E5823B009F4884 = {
						CreatedOnToolsVersion = 13.3;
					};
					95320BF227E584E1009F4884 = {
						CreatedOnToolsVersion = 13.3;
					};
				};
			};
			buildConfigurationList = 95320BB427E57A3A009F4884 /* Build configuration list for PBXProject "pfps assignment" */;
			compatibilityVersion = "Xcode 13.0";
			developmentRegion = en;
			hasScannedForEncodings = 0;
			knownRegions = (
				en,
				Base,
			);
			mainGroup = 95320BB027E57A3A009F4884;
			productRefGroup = 95320BBA27E57A3A009F4884 /* Products */;
			projectDirPath = "";
			projectRoot = "";
			targets = (
				95320BB827E57A3A009F4884 /* pfps assignment */,
				95320BC627E57B40009F4884 /* question 1 */,
				95320BD127E57E8C009F4884 /* question 2 */,
				95320BDC27E580FD009F4884 /* question 3 */,
				95320BE727E5823B009F4884 /* question 4 */,
				95320BF227E584E1009F4884 /* question 5 */,
			);
		};
/* End PBXProject section */

/* Begin PBXSourcesBuildPhase section */
		95320BB527E57A3A009F4884 /* Sources */ = {
			isa = PBXSourcesBuildPhase;
			buildActionMask = 2147483647;
			files = (
				95320BBD27E57A3A009F4884 /* main.c in Sources */,
			);
			runOnlyForDeploymentPostprocessing = 0;
		};
		95320BC327E57B40009F4884 /* Sources */ = {
			isa = PBXSourcesBuildPhase;
			buildActionMask = 2147483647;
			files = (
				95320BCA27E57B40009F4884 /* main.c in Sources */,
			);
			runOnlyForDeploymentPostprocessing = 0;
		};
		95320BCE27E57E8C009F4884 /* Sources */ = {
			isa = PBXSourcesBuildPhase;
			buildActionMask = 2147483647;
			files = (
				95320BD527E57E8C009F4884 /* main.c in Sources */,
			);
			runOnlyForDeploymentPostprocessing = 0;
		};
		95320BD927E580FD009F4884 /* Sources */ = {
			isa = PBXSourcesBuildPhase;
			buildActionMask = 2147483647;
			files = (
				95320BE027E580FE009F4884 /* main.c in Sources */,
			);
			runOnlyForDeploymentPostprocessing = 0;
		};
		95320BE427E5823B009F4884 /* Sources */ = {
			isa = PBXSourcesBuildPhase;
			buildActionMask = 2147483647;
			files = (
				95320BEB27E5823B009F4884 /* main.c in Sources */,
			);
			runOnlyForDeploymentPostprocessing = 0;
		};
		95320BEF27E584E1009F4884 /* Sources */ = {
			isa = PBXSourcesBuildPhase;
			buildActionMask = 2147483647;
			files = (
				95320BF627E584E1009F4884 /* main.c in Sources */,
			);
			runOnlyForDeploymentPostprocessing = 0;
		};
/* End PBXSourcesBuildPhase section */

/* Begin XCBuildConfiguration section */
		95320BBE27E57A3A009F4884 /* Debug */ = {
			isa = XCBuildConfiguration;
			buildSettings = {
				ALWAYS_SEARCH_USER_PATHS = NO;
				CLANG_ANALYZER_NONNULL = YES;
				CLANG_ANALYZER_NUMBER_OBJECT_CONVERSION = YES_AGGRESSIVE;
				CLANG_CXX_LANGUAGE_STANDARD = "gnu++17";
				CLANG_ENABLE_MODULES = YES;
				CLANG_ENABLE_OBJC_ARC = YES;
				CLANG_ENABLE_OBJC_WEAK = YES;
				CLANG_WARN_BLOCK_CAPTURE_AUTORELEASING = YES;
				CLANG_WARN_BOOL_CONVERSION = YES;
				CLANG_WARN_COMMA = YES;
				CLANG_WARN_CONSTANT_CONVERSION = YES;
				CLANG_WARN_DEPRECATED_OBJC_IMPLEMENTATIONS = YES;
				CLANG_WARN_DIRECT_OBJC_ISA_USAGE = YES_ERROR;
				CLANG_WARN_DOCUMENTATION_COMMENTS = YES;
				CLANG_WARN_EMPTY_BODY = YES;
				CLANG_WARN_ENUM_CONVERSION = YES;
				CLANG_WARN_INFINITE_RECURSION = YES;
				CLANG_WARN_INT_CONVERSION = YES;
				CLANG_WARN_NON_LITERAL_NULL_CONVERSION = YES;
				CLANG_WARN_OBJC_IMPLICIT_RETAIN_SELF = YES;
				CLANG_WARN_OBJC_LITERAL_CONVERSION = YES;
				CLANG_WARN_OBJC_ROOT_CLASS = YES_ERROR;
				CLANG_WARN_QUOTED_INCLUDE_IN_FRAMEWORK_HEADER = YES;
				CLANG_WARN_RANGE_LOOP_ANALYSIS = YES;
				CLANG_WARN_STRICT_PROTOTYPES = YES;
				CLANG_WARN_SUSPICIOUS_MOVE = YES;
				CLANG_WARN_UNGUARDED_AVAILABILITY = YES_AGGRESSIVE;
				CLANG_WARN_UNREACHABLE_CODE = YES;
				CLANG_WARN__DUPLICATE_METHOD_MATCH = YES;
				COPY_PHASE_STRIP = NO;
				DEBUG_INFORMATION_FORMAT = dwarf;
				ENABLE_STRICT_OBJC_MSGSEND = YES;
				ENABLE_TESTABILITY = YES;
				GCC_C_LANGUAGE_STANDARD = gnu11;
				GCC_DYNAMIC_NO_PIC = NO;
				GCC_NO_COMMON_BLOCKS = YES;
				GCC_OPTIMIZATION_LEVEL = 0;
				GCC_PREPROCESSOR_DEFINITIONS = (
					"DEBUG=1",
					"$(inherited)",
				);
				GCC_WARN_64_TO_32_BIT_CONVERSION = YES;
				GCC_WARN_ABOUT_RETURN_TYPE = YES_ERROR;
				GCC_WARN_UNDECLARED_SELECTOR = YES;
				GCC_WARN_UNINITIALIZED_AUTOS = YES_AGGRESSIVE;
				GCC_WARN_UNUSED_FUNCTION = YES;
				GCC_WARN_UNUSED_VARIABLE = YES;
				MACOSX_DEPLOYMENT_TARGET = 12.2;
				MTL_ENABLE_DEBUG_INFO = INCLUDE_SOURCE;
				MTL_FAST_MATH = YES;
				ONLY_ACTIVE_ARCH = YES;
				SDKROOT = macosx;
			};
			name = Debug;
		};
		95320BBF27E57A3A009F4884 /* Release */ = {
			isa = XCBuildConfiguration;
			buildSettings = {
				ALWAYS_SEARCH_USER_PATHS = NO;
				CLANG_ANALYZER_NONNULL = YES;
				CLANG_ANALYZER_NUMBER_OBJECT_CONVERSION = YES_AGGRESSIVE;
				CLANG_CXX_LANGUAGE_STANDARD = "gnu++17";
				CLANG_ENABLE_MODULES = YES;
				CLANG_ENABLE_OBJC_ARC = YES;
				CLANG_ENABLE_OBJC_WEAK = YES;
				CLANG_WARN_BLOCK_CAPTURE_AUTORELEASING = YES;
				CLANG_WARN_BOOL_CONVERSION = YES;
				CLANG_WARN_COMMA = YES;
				CLANG_WARN_CONSTANT_CONVERSION = YES;
				CLANG_WARN_DEPRECATED_OBJC_IMPLEMENTATIONS = YES;
				CLANG_WARN_DIRECT_OBJC_ISA_USAGE = YES_ERROR;
				CLANG_WARN_DOCUMENTATION_COMMENTS = YES;
				CLANG_WARN_EMPTY_BODY = YES;
				CLANG_WARN_ENUM_CONVERSION = YES;
				CLANG_WARN_INFINITE_RECURSION = YES;
				CLANG_WARN_INT_CONVERSION = YES;
				CLANG_WARN_NON_LITERAL_NULL_CONVERSION = YES;
				CLANG_WARN_OBJC_IMPLICIT_RETAIN_SELF = YES;
				CLANG_WARN_OBJC_LITERAL_CONVERSION = YES;
				CLANG_WARN_OBJC_ROOT_CLASS = YES_ERROR;
				CLANG_WARN_QUOTED_INCLUDE_IN_FRAMEWORK_HEADER = YES;
				CLANG_WARN_RANGE_LOOP_ANALYSIS = YES;
				CLANG_WARN_STRICT_PROTOTYPES = YES;
				CLANG_WARN_SUSPICIOUS_MOVE = YES;
				CLANG_WARN_UNGUARDED_AVAILABILITY = YES_AGGRESSIVE;
				CLANG_WARN_UNREACHABLE_CODE = YES;
				CLANG_WARN__DUPLICATE_METHOD_MATCH = YES;
				COPY_PHASE_STRIP = NO;
				DEBUG_INFORMATION_FORMAT = "dwarf-with-dsym";
				ENABLE_NS_ASSERTIONS = NO;
				ENABLE_STRICT_OBJC_MSGSEND = YES;
				GCC_C_LANGUAGE_STANDARD = gnu11;
				GCC_NO_COMMON_BLOCKS = YES;
				GCC_WARN_64_TO_32_BIT_CONVERSION = YES;
				GCC_WARN_ABOUT_RETURN_TYPE = YES_ERROR;
				GCC_WARN_UNDECLARED_SELECTOR = YES;
				GCC_WARN_UNINITIALIZED_AUTOS = YES_AGGRESSIVE;
				GCC_WARN_UNUSED_FUNCTION = YES;
				GCC_WARN_UNUSED_VARIABLE = YES;
				MACOSX_DEPLOYMENT_TARGET = 12.2;
				MTL_ENABLE_DEBUG_INFO = NO;
				MTL_FAST_MATH = YES;
				SDKROOT = macosx;
			};
			name = Release;
		};
		95320BC127E57A3A009F4884 /* Debug */ = {
			isa = XCBuildConfiguration;
			buildSettings = {
				CODE_SIGN_STYLE = Automatic;
				PRODUCT_NAME = "$(TARGET_NAME)";
			};
			name = Debug;
		};
		95320BC227E57A3A009F4884 /* Release */ = {
			isa = XCBuildConfiguration;
			buildSettings = {
				CODE_SIGN_STYLE = Automatic;
				PRODUCT_NAME = "$(TARGET_NAME)";
			};
			name = Release;
		};
		95320BCB27E57B40009F4884 /* Debug */ = {
			isa = XCBuildConfiguration;
			buildSettings = {
				CODE_SIGN_STYLE = Automatic;
				PRODUCT_NAME = "$(TARGET_NAME)";
			};
			name = Debug;
		};
		95320BCC27E57B40009F4884 /* Release */ = {
			isa = XCBuildConfiguration;
			buildSettings = {
				CODE_SIGN_STYLE = Automatic;
				PRODUCT_NAME = "$(TARGET_NAME)";
			};
			name = Release;
		};
		95320BD727E57E8C009F4884 /* Debug */ = {
			isa = XCBuildConfiguration;
			buildSettings = {
				CODE_SIGN_STYLE = Automatic;
				PRODUCT_NAME = "$(TARGET_NAME)";
			};
			name = Debug;
		};
		95320BD827E57E8C009F4884 /* Release */ = {
			isa = XCBuildConfiguration;
			buildSettings = {
				CODE_SIGN_STYLE = Automatic;
				PRODUCT_NAME = "$(TARGET_NAME)";
			};
			name = Release;
		};
		95320BE227E580FE009F4884 /* Debug */ = {
			isa = XCBuildConfiguration;
			buildSettings = {
				CODE_SIGN_STYLE = Automatic;
				PRODUCT_NAME = "$(TARGET_NAME)";
			};
			name = Debug;
		};
		95320BE327E580FE009F4884 /* Release */ = {
			isa = XCBuildConfiguration;
			buildSettings = {
				CODE_SIGN_STYLE = Automatic;
				PRODUCT_NAME = "$(TARGET_NAME)";
			};
			name = Release;
		};
		95320BED27E5823B009F4884 /* Debug */ = {
			isa = XCBuildConfiguration;
			buildSettings = {
				CODE_SIGN_STYLE = Automatic;
				PRODUCT_NAME = "$(TARGET_NAME)";
			};
			name = Debug;
		};
		95320BEE27E5823B009F4884 /* Release */ = {
			isa = XCBuildConfiguration;
			buildSettings = {
				CODE_SIGN_STYLE = Automatic;
				PRODUCT_NAME = "$(TARGET_NAME)";
			};
			name = Release;
		};
		95320BF827E584E1009F4884 /* Debug */ = {
			isa = XCBuildConfiguration;
			buildSettings = {
				CODE_SIGN_STYLE = Automatic;
				PRODUCT_NAME = "$(TARGET_NAME)";
			};
			name = Debug;
		};
		95320BF927E584E1009F4884 /* Release */ = {
			isa = XCBuildConfiguration;
			buildSettings = {
				CODE_SIGN_STYLE = Automatic;
				PRODUCT_NAME = "$(TARGET_NAME)";
			};
			name = Release;
		};
/* End XCBuildConfiguration section */

/* Begin XCConfigurationList section */
		95320BB427E57A3A009F4884 /* Build configuration list for PBXProject "pfps assignment" */ = {
			isa = XCConfigurationList;
			buildConfigurations = (
				95320BBE27E57A3A009F4884 /* Debug */,
				95320BBF27E57A3A009F4884 /* Release */,
			);
			defaultConfigurationIsVisible = 0;
			defaultConfigurationName = Release;
		};
		95320BC027E57A3A009F4884 /* Build configuration list for PBXNativeTarget "pfps assignment" */ = {
			isa = XCConfigurationList;
			buildConfigurations = (
				95320BC127E57A3A009F4884 /* Debug */,
				95320BC227E57A3A009F4884 /* Release */,
			);
			defaultConfigurationIsVisible = 0;
			defaultConfigurationName = Release;
		};
		95320BCD27E57B40009F4884 /* Build configuration list for PBXNativeTarget "question 1" */ = {
			isa = XCConfigurationList;
			buildConfigurations = (
				95320BCB27E57B40009F4884 /* Debug */,
				95320BCC27E57B40009F4884 /* Release */,
			);
			defaultConfigurationIsVisible = 0;
			defaultConfigurationName = Release;
		};
		95320BD627E57E8C009F4884 /* Build configuration list for PBXNativeTarget "question 2" */ = {
			isa = XCConfigurationList;
			buildConfigurations = (
				95320BD727E57E8C009F4884 /* Debug */,
				95320BD827E57E8C009F4884 /* Release */,
			);
			defaultConfigurationIsVisible = 0;
			defaultConfigurationName = Release;
		};
		95320BE127E580FE009F4884 /* Build configuration list for PBXNativeTarget "question 3" */ = {
			isa = XCConfigurationList;
			buildConfigurations = (
				95320BE227E580FE009F4884 /* Debug */,
				95320BE327E580FE009F4884 /* Release */,
			);
			defaultConfigurationIsVisible = 0;
			defaultConfigurationName = Release;
		};
		95320BEC27E5823B009F4884 /* Build configuration list for PBXNativeTarget "question 4" */ = {
			isa = XCConfigurationList;
			buildConfigurations = (
				95320BED27E5823B009F4884 /* Debug */,
				95320BEE27E5823B009F4884 /* Release */,
			);
			defaultConfigurationIsVisible = 0;
			defaultConfigurationName = Release;
		};
		95320BF727E584E1009F4884 /* Build configuration list for PBXNativeTarget "question 5" */ = {
			isa = XCConfigurationList;
			buildConfigurations = (
				95320BF827E584E1009F4884 /* Debug */,
				95320BF927E584E1009F4884 /* Release */,
			);
			defaultConfigurationIsVisible = 0;
			defaultConfigurationName = Release;
		};
/* End XCConfigurationList section */
	};
	rootObject = 95320BB127E57A3A009F4884 /* Project object */;
}
